
Microsoft Visual Studio Solution File, Format Version 12.00
# Visual Studio Version 17
VisualStudioVersion = 17.11.35327.3
MinimumVisualStudioVersion = 10.0.40219.1
Project("{FAE04EC0-301F-11D3-BF4B-00C04F79EFBC}") = "INF_UE_Perfekte_Zahlen", "INF_UE_Perfekte_Zahlen\INF_UE_Perfekte_Zahlen.csproj", "{128B9669-FFD9-4AD9-B38F-F2ECC305FA52}"
EndProject
Global
	GlobalSection(SolutionConfigurationPlatforms) = preSolution
		Debug|Any CPU = Debug|Any CPU
		Release|Any CPU = Release|Any CPU
	EndGlobalSection
	GlobalSection(ProjectConfigurationPlatforms) = postSolution
		{128B9669-FFD9-4AD9-B38F-F2ECC305FA52}.Debug|Any CPU.ActiveCfg = Debug|Any CPU
		{128B9669-FFD9-4AD9-B38F-F2ECC305FA52}.Debug|Any CPU.Build.0 = Debug|Any CPU
		{128B9669-FFD9-4AD9-B38F-F2ECC305FA52}.Release|Any CPU.ActiveCfg = Release|Any CPU
		{128B9669-FFD9-4AD9-B38F-F2ECC305FA52}.Release|Any CPU.Build.0 = Release|Any CPU
	EndGlobalSection
	GlobalSection(SolutionProperties) = preSolution
		HideSolutionNode = FALSE
	EndGlobalSection
	GlobalSection(ExtensibilityGlobals) = postSolution
		SolutionGuid = {92E74B6F-5425-4689-AF20-6E02395A6030}
	EndGlobalSection
EndGlobal
